
Microsoft Visual Studio Solution File, Format Version 12.00
# Visual Studio Version 16
VisualStudioVersion = 16.0.30413.136
MinimumVisualStudioVersion = 10.0.40219.1
Project("{2150E333-8FDC-42A3-9474-1A3956D46DE8}") = "back-office-services", "back-office-services", "{DA096E4B-0B66-4B80-B866-920910F00902}"
EndProject
Project("{2150E333-8FDC-42A3-9474-1A3956D46DE8}") = "solution items", "solution items", "{1BF64518-8790-4F24-81D2-8082D06343D5}"
	ProjectSection(SolutionItems) = preProject
		docker-compose.yml = docker-compose.yml
	EndProjectSection
EndProject
Project("{9A19103F-16F7-4668-BE54-9A1E7A4F7556}") = "book-service", "src\book-service\book-service.csproj", "{67ABCF2D-4510-4647-86B5-20DF8D20EB80}"
EndProject
Project("{9A19103F-16F7-4668-BE54-9A1E7A4F7556}") = "pricing-service", "src\pricing-service\pricing-service.csproj", "{E8F0C077-4430-4285-AB78-3A950EE9FB27}"
EndProject
Project("{9A19103F-16F7-4668-BE54-9A1E7A4F7556}") = "rating-service", "src\rating-service\rating-service.csproj", "{8F5A54FF-BE46-48FF-9AE7-A7007ACE85A8}"
EndProject
Project("{9A19103F-16F7-4668-BE54-9A1E7A4F7556}") = "api-gateway", "src\api-gateway\api-gateway.csproj", "{27BD3935-4AF4-4519-95FD-B195D73AD9C5}"
EndProject
Global
	GlobalSection(SolutionConfigurationPlatforms) = preSolution
		Debug|Any CPU = Debug|Any CPU
		Release|Any CPU = Release|Any CPU
	EndGlobalSection
	GlobalSection(ProjectConfigurationPlatforms) = postSolution
		{67ABCF2D-4510-4647-86B5-20DF8D20EB80}.Debug|Any CPU.ActiveCfg = Debug|Any CPU
		{67ABCF2D-4510-4647-86B5-20DF8D20EB80}.Debug|Any CPU.Build.0 = Debug|Any CPU
		{67ABCF2D-4510-4647-86B5-20DF8D20EB80}.Release|Any CPU.ActiveCfg = Release|Any CPU
		{67ABCF2D-4510-4647-86B5-20DF8D20EB80}.Release|Any CPU.Build.0 = Release|Any CPU
		{E8F0C077-4430-4285-AB78-3A950EE9FB27}.Debug|Any CPU.ActiveCfg = Debug|Any CPU
		{E8F0C077-4430-4285-AB78-3A950EE9FB27}.Debug|Any CPU.Build.0 = Debug|Any CPU
		{E8F0C077-4430-4285-AB78-3A950EE9FB27}.Release|Any CPU.ActiveCfg = Release|Any CPU
		{E8F0C077-4430-4285-AB78-3A950EE9FB27}.Release|Any CPU.Build.0 = Release|Any CPU
		{8F5A54FF-BE46-48FF-9AE7-A7007ACE85A8}.Debug|Any CPU.ActiveCfg = Debug|Any CPU
		{8F5A54FF-BE46-48FF-9AE7-A7007ACE85A8}.Debug|Any CPU.Build.0 = Debug|Any CPU
		{8F5A54FF-BE46-48FF-9AE7-A7007ACE85A8}.Release|Any CPU.ActiveCfg = Release|Any CPU
		{8F5A54FF-BE46-48FF-9AE7-A7007ACE85A8}.Release|Any CPU.Build.0 = Release|Any CPU
		{27BD3935-4AF4-4519-95FD-B195D73AD9C5}.Debug|Any CPU.ActiveCfg = Debug|Any CPU
		{27BD3935-4AF4-4519-95FD-B195D73AD9C5}.Debug|Any CPU.Build.0 = Debug|Any CPU
		{27BD3935-4AF4-4519-95FD-B195D73AD9C5}.Release|Any CPU.ActiveCfg = Release|Any CPU
		{27BD3935-4AF4-4519-95FD-B195D73AD9C5}.Release|Any CPU.Build.0 = Release|Any CPU
	EndGlobalSection
	GlobalSection(SolutionProperties) = preSolution
		HideSolutionNode = FALSE
	EndGlobalSection
	GlobalSection(NestedProjects) = preSolution
		{67ABCF2D-4510-4647-86B5-20DF8D20EB80} = {DA096E4B-0B66-4B80-B866-920910F00902}
		{E8F0C077-4430-4285-AB78-3A950EE9FB27} = {DA096E4B-0B66-4B80-B866-920910F00902}
		{8F5A54FF-BE46-48FF-9AE7-A7007ACE85A8} = {DA096E4B-0B66-4B80-B866-920910F00902}
	EndGlobalSection
	GlobalSection(ExtensibilityGlobals) = postSolution
		SolutionGuid = {D6450D91-6B30-4C67-9F08-6AB2EC90F378}
	EndGlobalSection
EndGlobal
